
Microsoft Visual Studio Solution File, Format Version 12.00
# Visual Studio Version 17
VisualStudioVersion = 17.0.32112.339
MinimumVisualStudioVersion = 10.0.40219.1
Project("{FAE04EC0-301F-11D3-BF4B-00C04F79EFBC}") = "Linked_List_Problem_Statements", "Linked_List_Problem_Statements.csproj", "{0A9F61B2-EEEE-479B-B2E2-D3E94CECB239}"
EndProject
Global
	GlobalSection(SolutionConfigurationPlatforms) = preSolution
		Debug|Any CPU = Debug|Any CPU
		Release|Any CPU = Release|Any CPU
	EndGlobalSection
	GlobalSection(ProjectConfigurationPlatforms) = postSolution
		{0A9F61B2-EEEE-479B-B2E2-D3E94CECB239}.Debug|Any CPU.ActiveCfg = Debug|Any CPU
		{0A9F61B2-EEEE-479B-B2E2-D3E94CECB239}.Debug|Any CPU.Build.0 = Debug|Any CPU
		{0A9F61B2-EEEE-479B-B2E2-D3E94CECB239}.Release|Any CPU.ActiveCfg = Release|Any CPU
		{0A9F61B2-EEEE-479B-B2E2-D3E94CECB239}.Release|Any CPU.Build.0 = Release|Any CPU
	EndGlobalSection
	GlobalSection(SolutionProperties) = preSolution
		HideSolutionNode = FALSE
	EndGlobalSection
	GlobalSection(ExtensibilityGlobals) = postSolution
		SolutionGuid = {BB948055-0015-420F-8769-44781B25B82A}
	EndGlobalSection
EndGlobal
